
Microsoft Visual Studio Solution File, Format Version 12.00
# Visual Studio Version 17
VisualStudioVersion = 17.3.32804.467
MinimumVisualStudioVersion = 10.0.40219.1
Project("{FAE04EC0-301F-11D3-BF4B-00C04F79EFBC}") = "Misa.LHTrung.API", "Misa.LHTrung.API\Misa.LHTrung.API.csproj", "{42DEEBF3-CA95-49BB-946E-83D613394006}"
EndProject
Global
	GlobalSection(SolutionConfigurationPlatforms) = preSolution
		Debug|Any CPU = Debug|Any CPU
		Release|Any CPU = Release|Any CPU
	EndGlobalSection
	GlobalSection(ProjectConfigurationPlatforms) = postSolution
		{42DEEBF3-CA95-49BB-946E-83D613394006}.Debug|Any CPU.ActiveCfg = Debug|Any CPU
		{42DEEBF3-CA95-49BB-946E-83D613394006}.Debug|Any CPU.Build.0 = Debug|Any CPU
		{42DEEBF3-CA95-49BB-946E-83D613394006}.Release|Any CPU.ActiveCfg = Release|Any CPU
		{42DEEBF3-CA95-49BB-946E-83D613394006}.Release|Any CPU.Build.0 = Release|Any CPU
	EndGlobalSection
	GlobalSection(SolutionProperties) = preSolution
		HideSolutionNode = FALSE
	EndGlobalSection
	GlobalSection(ExtensibilityGlobals) = postSolution
		SolutionGuid = {397CAD69-0282-460F-8806-817797703910}
	EndGlobalSection
EndGlobal
